// !$*UTF8*$!
{
	archiveVersion = 1;
	classes = {
	};
	objectVersion = 48;
	objects = {

/* Begin PBXBuildFile section */
		EE93AC522064D1FA001C778C /* AppDelegate.m in Sources */ = {isa = PBXBuildFile; fileRef = EE93AC512064D1FA001C778C /* AppDelegate.m */; };
		EE93AC552064D1FA001C778C /* ViewController.m in Sources */ = {isa = PBXBuildFile; fileRef = EE93AC542064D1FA001C778C /* ViewController.m */; };
		EE93AC582064D1FA001C778C /* Main.storyboard in Resources */ = {isa = PBXBuildFile; fileRef = EE93AC562064D1FA001C778C /* Main.storyboard */; };
		EE93AC5A2064D1FA001C778C /* Assets.xcassets in Resources */ = {isa = PBXBuildFile; fileRef = EE93AC592064D1FA001C778C /* Assets.xcassets */; };
		EE93AC5D2064D1FA001C778C /* LaunchScreen.storyboard in Resources */ = {isa = PBXBuildFile; fileRef = EE93AC5B2064D1FA001C778C /* LaunchScreen.storyboard */; };
		EE93AC602064D1FA001C778C /* main.m in Sources */ = {isa = PBXBuildFile; fileRef = EE93AC5F2064D1FA001C778C /* main.m */; };
		EE93AC682064D265001C778C /* Person.m in Sources */ = {isa = PBXBuildFile; fileRef = EE93AC672064D265001C778C /* Person.m */; };
		EE93AC6B2064D2E7001C778C /* Biology.m in Sources */ = {isa = PBXBuildFile; fileRef = EE93AC6A2064D2E7001C778C /* Biology.m */; };
/* End PBXBuildFile section */

/* Begin PBXFileReference section */
		EE93AC4D2064D1FA001C778C /* Runtime12.app */ = {isa = PBXFileReference; explicitFileType = wrapper.application; includeInIndex = 0; path = Runtime12.app; sourceTree = BUILT_PRODUCTS_DIR; };
		EE93AC502064D1FA001C778C /* AppDelegate.h */ = {isa = PBXFileReference; lastKnownFileType = sourcecode.c.h; path = AppDelegate.h; sourceTree = "<group>"; };
		EE93AC512064D1FA001C778C /* AppDelegate.m */ = {isa = PBXFileReference; lastKnownFileType = sourcecode.c.objc; path = AppDelegate.m; sourceTree = "<group>"; };
		EE93AC532064D1FA001C778C /* ViewController.h */ = {isa = PBXFileReference; lastKnownFileType = sourcecode.c.h; path = ViewController.h; sourceTree = "<group>"; };
		EE93AC542064D1FA001C778C /* ViewController.m */ = {isa = PBXFileReference; lastKnownFileType = sourcecode.c.objc; path = ViewController.m; sourceTree = "<group>"; };
		EE93AC572064D1FA001C778C /* Base */ = {isa = PBXFileReference; lastKnownFileType = file.storyboard; name = Base; path = Base.lproj/Main.storyboard; sourceTree = "<group>"; };
		EE93AC592064D1FA001C778C /* Assets.xcassets */ = {isa = PBXFileReference; lastKnownFileType = folder.assetcatalog; path = Assets.xcassets; sourceTree = "<group>"; };
		EE93AC5C2064D1FA001C778C /* Base */ = {isa = PBXFileReference; lastKnownFileType = file.storyboard; name = Base; path = Base.lproj/LaunchScreen.storyboard; sourceTree = "<group>"; };
		EE93AC5E2064D1FA001C778C /* Info.plist */ = {isa = PBXFileReference; lastKnownFileType = text.plist.xml; path = Info.plist; sourceTree = "<group>"; };
		EE93AC5F2064D1FA001C778C /* main.m */ = {isa = PBXFileReference; lastKnownFileType = sourcecode.c.objc; path = main.m; sourceTree = "<group>"; };
		EE93AC662064D265001C778C /* Person.h */ = {isa = PBXFileReference; lastKnownFileType = sourcecode.c.h; path = Person.h; sourceTree = "<group>"; };
		EE93AC672064D265001C778C /* Person.m */ = {isa = PBXFileReference; lastKnownFileType = sourcecode.c.objc; path = Person.m; sourceTree = "<group>"; };
		EE93AC692064D2E7001C778C /* Biology.h */ = {isa = PBXFileReference; lastKnownFileType = sourcecode.c.h; path = Biology.h; sourceTree = "<group>"; };
		EE93AC6A2064D2E7001C778C /* Biology.m */ = {isa = PBXFileReference; lastKnownFileType = sourcecode.c.objc; path = Biology.m; sourceTree = "<group>"; };
/* End PBXFileReference section */

/* Begin PBXFrameworksBuildPhase section */
		EE93AC4A2064D1FA001C778C /* Frameworks */ = {
			isa = PBXFrameworksBuildPhase;
			buildActionMask = 2147483647;
			files = (
			);
			runOnlyForDeploymentPostprocessing = 0;
		};
/* End PBXFrameworksBuildPhase section */

/* Begin PBXGroup section */
		EE93AC442064D1FA001C778C = {
			isa = PBXGroup;
			children = (
				EE93AC4F2064D1FA001C778C /* Runtime12 */,
				EE93AC4E2064D1FA001C778C /* Products */,
			);
			sourceTree = "<group>";
		};
		EE93AC4E2064D1FA001C778C /* Products */ = {
			isa = PBXGroup;
			children = (
				EE93AC4D2064D1FA001C778C /* Runtime12.app */,
			);
			name = Products;
			sourceTree = "<group>";
		};
		EE93AC4F2064D1FA001C778C /* Runtime12 */ = {
			isa = PBXGroup;
			children = (
				EE93AC502064D1FA001C778C /* AppDelegate.h */,
				EE93AC512064D1FA001C778C /* AppDelegate.m */,
				EE93AC532064D1FA001C778C /* ViewController.h */,
				EE93AC542064D1FA001C778C /* ViewController.m */,
				EE93AC562064D1FA001C778C /* Main.storyboard */,
				EE93AC592064D1FA001C778C /* Assets.xcassets */,
				EE93AC5B2064D1FA001C778C /* LaunchScreen.storyboard */,
				EE93AC5E2064D1FA001C778C /* Info.plist */,
				EE93AC5F2064D1FA001C778C /* main.m */,
				EE93AC662064D265001C778C /* Person.h */,
				EE93AC672064D265001C778C /* Person.m */,
				EE93AC692064D2E7001C778C /* Biology.h */,
				EE93AC6A2064D2E7001C778C /* Biology.m */,
			);
			path = Runtime12;
			sourceTree = "<group>";
		};
/* End PBXGroup section */

/* Begin PBXNativeTarget section */
		EE93AC4C2064D1FA001C778C /* Runtime12 */ = {
			isa = PBXNativeTarget;
			buildConfigurationList = EE93AC632064D1FA001C778C /* Build configuration list for PBXNativeTarget "Runtime12" */;
			buildPhases = (
				EE93AC492064D1FA001C778C /* Sources */,
				EE93AC4A2064D1FA001C778C /* Frameworks */,
				EE93AC4B2064D1FA001C778C /* Resources */,
			);
			buildRules = (
			);
			dependencies = (
			);
			name = Runtime12;
			productName = Runtime12;
			productReference = EE93AC4D2064D1FA001C778C /* Runtime12.app */;
			productType = "com.apple.product-type.application";
		};
/* End PBXNativeTarget section */

/* Begin PBXProject section */
		EE93AC452064D1FA001C778C /* Project object */ = {
			isa = PBXProject;
			attributes = {
				LastUpgradeCheck = 0920;
				ORGANIZATIONNAME = webank;
				TargetAttributes = {
					EE93AC4C2064D1FA001C778C = {
						CreatedOnToolsVersion = 9.2;
						ProvisioningStyle = Automatic;
					};
				};
			};
			buildConfigurationList = EE93AC482064D1FA001C778C /* Build configuration list for PBXProject "Runtime12" */;
			compatibilityVersion = "Xcode 8.0";
			developmentRegion = en;
			hasScannedForEncodings = 0;
			knownRegions = (
				en,
				Base,
			);
			mainGroup = EE93AC442064D1FA001C778C;
			productRefGroup = EE93AC4E2064D1FA001C778C /* Products */;
			projectDirPath = "";
			projectRoot = "";
			targets = (
				EE93AC4C2064D1FA001C778C /* Runtime12 */,
			);
		};
/* End PBXProject section */

/* Begin PBXResourcesBuildPhase section */
		EE93AC4B2064D1FA001C778C /* Resources */ = {
			isa = PBXResourcesBuildPhase;
			buildActionMask = 2147483647;
			files = (
				EE93AC5D2064D1FA001C778C /* LaunchScreen.storyboard in Resources */,
				EE93AC5A2064D1FA001C778C /* Assets.xcassets in Resources */,
				EE93AC582064D1FA001C778C /* Main.storyboard in Resources */,
			);
			runOnlyForDeploymentPostprocessing = 0;
		};
/* End PBXResourcesBuildPhase section */

/* Begin PBXSourcesBuildPhase section */
		EE93AC492064D1FA001C778C /* Sources */ = {
			isa = PBXSourcesBuildPhase;
			buildActionMask = 2147483647;
			files = (
				EE93AC552064D1FA001C778C /* ViewController.m in Sources */,
				EE93AC602064D1FA001C778C /* main.m in Sources */,
				EE93AC682064D265001C778C /* Person.m in Sources */,
				EE93AC522064D1FA001C778C /* AppDelegate.m in Sources */,
				EE93AC6B2064D2E7001C778C /* Biology.m in Sources */,
			);
			runOnlyForDeploymentPostprocessing = 0;
		};
/* End PBXSourcesBuildPhase section */

/* Begin PBXVariantGroup section */
		EE93AC562064D1FA001C778C /* Main.storyboard */ = {
			isa = PBXVariantGroup;
			children = (
				EE93AC572064D1FA001C778C /* Base */,
			);
			name = Main.storyboard;
			sourceTree = "<group>";
		};
		EE93AC5B2064D1FA001C778C /* LaunchScreen.storyboard */ = {
			isa = PBXVariantGroup;
			children = (
				EE93AC5C2064D1FA001C778C /* Base */,
			);
			name = LaunchScreen.storyboard;
			sourceTree = "<group>";
		};
/* End PBXVariantGroup section */

/* Begin XCBuildConfiguration section */
		EE93AC612064D1FA001C778C /* Debug */ = {
			isa = XCBuildConfiguration;
			buildSettings = {
				ALWAYS_SEARCH_USER_PATHS = NO;
				CLANG_ANALYZER_NONNULL = YES;
				CLANG_ANALYZER_NUMBER_OBJECT_CONVERSION = YES_AGGRESSIVE;
				CLANG_CXX_LANGUAGE_STANDARD = "gnu++14";
				CLANG_CXX_LIBRARY = "libc++";
				CLANG_ENABLE_MODULES = YES;
				CLANG_ENABLE_OBJC_ARC = YES;
				CLANG_WARN_BLOCK_CAPTURE_AUTORELEASING = YES;
				CLANG_WARN_BOOL_CONVERSION = YES;
				CLANG_WARN_COMMA = YES;
				CLANG_WARN_CONSTANT_CONVERSION = YES;
				CLANG_WARN_DIRECT_OBJC_ISA_USAGE = YES_ERROR;
				CLANG_WARN_DOCUMENTATION_COMMENTS = YES;
				CLANG_WARN_EMPTY_BODY = YES;
				CLANG_WARN_ENUM_CONVERSION = YES;
				CLANG_WARN_INFINITE_RECURSION = YES;
				CLANG_WARN_INT_CONVERSION = YES;
				CLANG_WARN_NON_LITERAL_NULL_CONVERSION = YES;
				CLANG_WARN_OBJC_LITERAL_CONVERSION = YES;
				CLANG_WARN_OBJC_ROOT_CLASS = YES_ERROR;
				CLANG_WARN_RANGE_LOOP_ANALYSIS = YES;
				CLANG_WARN_STRICT_PROTOTYPES = YES;
				CLANG_WARN_SUSPICIOUS_MOVE = YES;
				CLANG_WARN_UNGUARDED_AVAILABILITY = YES_AGGRESSIVE;
				CLANG_WARN_UNREACHABLE_CODE = YES;
				CLANG_WARN__DUPLICATE_METHOD_MATCH = YES;
				CODE_SIGN_IDENTITY = "iPhone Developer";
				COPY_PHASE_STRIP = NO;
				DEBUG_INFORMATION_FORMAT = dwarf;
				ENABLE_STRICT_OBJC_MSGSEND = YES;
				ENABLE_TESTABILITY = YES;
				GCC_C_LANGUAGE_STANDARD = gnu11;
				GCC_DYNAMIC_NO_PIC = NO;
				GCC_NO_COMMON_BLOCKS = YES;
				GCC_OPTIMIZATION_LEVEL = 0;
				GCC_PREPROCESSOR_DEFINITIONS = (
					"DEBUG=1",
					"$(inherited)",
				);
				GCC_WARN_64_TO_32_BIT_CONVERSION = YES;
				GCC_WARN_ABOUT_RETURN_TYPE = YES_ERROR;
				GCC_WARN_UNDECLARED_SELECTOR = YES;
				GCC_WARN_UNINITIALIZED_AUTOS = YES_AGGRESSIVE;
				GCC_WARN_UNUSED_FUNCTION = YES;
				GCC_WARN_UNUSED_VARIABLE = YES;
				IPHONEOS_DEPLOYMENT_TARGET = 11.2;
				MTL_ENABLE_DEBUG_INFO = YES;
				ONLY_ACTIVE_ARCH = YES;
				SDKROOT = iphoneos;
			};
			name = Debug;
		};
		EE93AC622064D1FA001C778C /* Release */ = {
			isa = XCBuildConfiguration;
			buildSettings = {
				ALWAYS_SEARCH_USER_PATHS = NO;
				CLANG_ANALYZER_NONNULL = YES;
				CLANG_ANALYZER_NUMBER_OBJECT_CONVERSION = YES_AGGRESSIVE;
				CLANG_CXX_LANGUAGE_STANDARD = "gnu++14";
				CLANG_CXX_LIBRARY = "libc++";
				CLANG_ENABLE_MODULES = YES;
				CLANG_ENABLE_OBJC_ARC = YES;
				CLANG_WARN_BLOCK_CAPTURE_AUTORELEASING = YES;
				CLANG_WARN_BOOL_CONVERSION = YES;
				CLANG_WARN_COMMA = YES;
				CLANG_WARN_CONSTANT_CONVERSION = YES;
				CLANG_WARN_DIRECT_OBJC_ISA_USAGE = YES_ERROR;
				CLANG_WARN_DOCUMENTATION_COMMENTS = YES;
				CLANG_WARN_EMPTY_BODY = YES;
				CLANG_WARN_ENUM_CONVERSION = YES;
				CLANG_WARN_INFINITE_RECURSION = YES;
				CLANG_WARN_INT_CONVERSION = YES;
				CLANG_WARN_NON_LITERAL_NULL_CONVERSION = YES;
				CLANG_WARN_OBJC_LITERAL_CONVERSION = YES;
				CLANG_WARN_OBJC_ROOT_CLASS = YES_ERROR;
				CLANG_WARN_RANGE_LOOP_ANALYSIS = YES;
				CLANG_WARN_STRICT_PROTOTYPES = YES;
				CLANG_WARN_SUSPICIOUS_MOVE = YES;
				CLANG_WARN_UNGUARDED_AVAILABILITY = YES_AGGRESSIVE;
				CLANG_WARN_UNREACHABLE_CODE = YES;
				CLANG_WARN__DUPLICATE_METHOD_MATCH = YES;
				CODE_SIGN_IDENTITY = "iPhone Developer";
				COPY_PHASE_STRIP = NO;
				DEBUG_INFORMATION_FORMAT = "dwarf-with-dsym";
				ENABLE_NS_ASSERTIONS = NO;
				ENABLE_STRICT_OBJC_MSGSEND = YES;
				GCC_C_LANGUAGE_STANDARD = gnu11;
				GCC_NO_COMMON_BLOCKS = YES;
				GCC_WARN_64_TO_32_BIT_CONVERSION = YES;
				GCC_WARN_ABOUT_RETURN_TYPE = YES_ERROR;
				GCC_WARN_UNDECLARED_SELECTOR = YES;
				GCC_WARN_UNINITIALIZED_AUTOS = YES_AGGRESSIVE;
				GCC_WARN_UNUSED_FUNCTION = YES;
				GCC_WARN_UNUSED_VARIABLE = YES;
				IPHONEOS_DEPLOYMENT_TARGET = 11.2;
				MTL_ENABLE_DEBUG_INFO = NO;
				SDKROOT = iphoneos;
				VALIDATE_PRODUCT = YES;
			};
			name = Release;
		};
		EE93AC642064D1FA001C778C /* Debug */ = {
			isa = XCBuildConfiguration;
			buildSettings = {
				ASSETCATALOG_COMPILER_APPICON_NAME = AppIcon;
				CODE_SIGN_STYLE = Automatic;
				INFOPLIST_FILE = Runtime12/Info.plist;
				LD_RUNPATH_SEARCH_PATHS = "$(inherited) @executable_path/Frameworks";
				PRODUCT_BUNDLE_IDENTIFIER = com.webank.Runtime12;
				PRODUCT_NAME = "$(TARGET_NAME)";
				TARGETED_DEVICE_FAMILY = "1,2";
			};
			name = Debug;
		};
		EE93AC652064D1FA001C778C /* Release */ = {
			isa = XCBuildConfiguration;
			buildSettings = {
				ASSETCATALOG_COMPILER_APPICON_NAME = AppIcon;
				CODE_SIGN_STYLE = Automatic;
				INFOPLIST_FILE = Runtime12/Info.plist;
				LD_RUNPATH_SEARCH_PATHS = "$(inherited) @executable_path/Frameworks";
				PRODUCT_BUNDLE_IDENTIFIER = com.webank.Runtime12;
				PRODUCT_NAME = "$(TARGET_NAME)";
				TARGETED_DEVICE_FAMILY = "1,2";
			};
			name = Release;
		};
/* End XCBuildConfiguration section */

/* Begin XCConfigurationList section */
		EE93AC482064D1FA001C778C /* Build configuration list for PBXProject "Runtime12" */ = {
			isa = XCConfigurationList;
			buildConfigurations = (
				EE93AC612064D1FA001C778C /* Debug */,
				EE93AC622064D1FA001C778C /* Release */,
			);
			defaultConfigurationIsVisible = 0;
			defaultConfigurationName = Release;
		};
		EE93AC632064D1FA001C778C /* Build configuration list for PBXNativeTarget "Runtime12" */ = {
			isa = XCConfigurationList;
			buildConfigurations = (
				EE93AC642064D1FA001C778C /* Debug */,
				EE93AC652064D1FA001C778C /* Release */,
			);
			defaultConfigurationIsVisible = 0;
			defaultConfigurationName = Release;
		};
/* End XCConfigurationList section */
	};
	rootObject = EE93AC452064D1FA001C778C /* Project object */;
}
