// !$*UTF8*$!
{
	archiveVersion = 1;
	classes = {
	};
	objectVersion = 48;
	objects = {

/* Begin PBXBuildFile section */
		EEFE1B2D20628C1500683488 /* AppDelegate.m in Sources */ = {isa = PBXBuildFile; fileRef = EEFE1B2C20628C1500683488 /* AppDelegate.m */; };
		EEFE1B3020628C1500683488 /* ViewController.m in Sources */ = {isa = PBXBuildFile; fileRef = EEFE1B2F20628C1500683488 /* ViewController.m */; };
		EEFE1B3320628C1500683488 /* Main.storyboard in Resources */ = {isa = PBXBuildFile; fileRef = EEFE1B3120628C1500683488 /* Main.storyboard */; };
		EEFE1B3520628C1500683488 /* Assets.xcassets in Resources */ = {isa = PBXBuildFile; fileRef = EEFE1B3420628C1500683488 /* Assets.xcassets */; };
		EEFE1B3820628C1500683488 /* LaunchScreen.storyboard in Resources */ = {isa = PBXBuildFile; fileRef = EEFE1B3620628C1500683488 /* LaunchScreen.storyboard */; };
		EEFE1B3B20628C1500683488 /* main.m in Sources */ = {isa = PBXBuildFile; fileRef = EEFE1B3A20628C1500683488 /* main.m */; };
/* End PBXBuildFile section */

/* Begin PBXFileReference section */
		EEFE1B2820628C1500683488 /* Runtime3.app */ = {isa = PBXFileReference; explicitFileType = wrapper.application; includeInIndex = 0; path = Runtime3.app; sourceTree = BUILT_PRODUCTS_DIR; };
		EEFE1B2B20628C1500683488 /* AppDelegate.h */ = {isa = PBXFileReference; lastKnownFileType = sourcecode.c.h; path = AppDelegate.h; sourceTree = "<group>"; };
		EEFE1B2C20628C1500683488 /* AppDelegate.m */ = {isa = PBXFileReference; lastKnownFileType = sourcecode.c.objc; path = AppDelegate.m; sourceTree = "<group>"; };
		EEFE1B2E20628C1500683488 /* ViewController.h */ = {isa = PBXFileReference; lastKnownFileType = sourcecode.c.h; path = ViewController.h; sourceTree = "<group>"; };
		EEFE1B2F20628C1500683488 /* ViewController.m */ = {isa = PBXFileReference; lastKnownFileType = sourcecode.c.objc; path = ViewController.m; sourceTree = "<group>"; };
		EEFE1B3220628C1500683488 /* Base */ = {isa = PBXFileReference; lastKnownFileType = file.storyboard; name = Base; path = Base.lproj/Main.storyboard; sourceTree = "<group>"; };
		EEFE1B3420628C1500683488 /* Assets.xcassets */ = {isa = PBXFileReference; lastKnownFileType = folder.assetcatalog; path = Assets.xcassets; sourceTree = "<group>"; };
		EEFE1B3720628C1500683488 /* Base */ = {isa = PBXFileReference; lastKnownFileType = file.storyboard; name = Base; path = Base.lproj/LaunchScreen.storyboard; sourceTree = "<group>"; };
		EEFE1B3920628C1500683488 /* Info.plist */ = {isa = PBXFileReference; lastKnownFileType = text.plist.xml; path = Info.plist; sourceTree = "<group>"; };
		EEFE1B3A20628C1500683488 /* main.m */ = {isa = PBXFileReference; lastKnownFileType = sourcecode.c.objc; path = main.m; sourceTree = "<group>"; };
/* End PBXFileReference section */

/* Begin PBXFrameworksBuildPhase section */
		EEFE1B2520628C1500683488 /* Frameworks */ = {
			isa = PBXFrameworksBuildPhase;
			buildActionMask = 2147483647;
			files = (
			);
			runOnlyForDeploymentPostprocessing = 0;
		};
/* End PBXFrameworksBuildPhase section */

/* Begin PBXGroup section */
		EEFE1B1F20628C1500683488 = {
			isa = PBXGroup;
			children = (
				EEFE1B2A20628C1500683488 /* Runtime3 */,
				EEFE1B2920628C1500683488 /* Products */,
			);
			sourceTree = "<group>";
		};
		EEFE1B2920628C1500683488 /* Products */ = {
			isa = PBXGroup;
			children = (
				EEFE1B2820628C1500683488 /* Runtime3.app */,
			);
			name = Products;
			sourceTree = "<group>";
		};
		EEFE1B2A20628C1500683488 /* Runtime3 */ = {
			isa = PBXGroup;
			children = (
				EEFE1B2B20628C1500683488 /* AppDelegate.h */,
				EEFE1B2C20628C1500683488 /* AppDelegate.m */,
				EEFE1B2E20628C1500683488 /* ViewController.h */,
				EEFE1B2F20628C1500683488 /* ViewController.m */,
				EEFE1B3120628C1500683488 /* Main.storyboard */,
				EEFE1B3420628C1500683488 /* Assets.xcassets */,
				EEFE1B3620628C1500683488 /* LaunchScreen.storyboard */,
				EEFE1B3920628C1500683488 /* Info.plist */,
				EEFE1B3A20628C1500683488 /* main.m */,
			);
			path = Runtime3;
			sourceTree = "<group>";
		};
/* End PBXGroup section */

/* Begin PBXNativeTarget section */
		EEFE1B2720628C1500683488 /* Runtime3 */ = {
			isa = PBXNativeTarget;
			buildConfigurationList = EEFE1B3E20628C1500683488 /* Build configuration list for PBXNativeTarget "Runtime3" */;
			buildPhases = (
				EEFE1B2420628C1500683488 /* Sources */,
				EEFE1B2520628C1500683488 /* Frameworks */,
				EEFE1B2620628C1500683488 /* Resources */,
			);
			buildRules = (
			);
			dependencies = (
			);
			name = Runtime3;
			productName = Runtime3;
			productReference = EEFE1B2820628C1500683488 /* Runtime3.app */;
			productType = "com.apple.product-type.application";
		};
/* End PBXNativeTarget section */

/* Begin PBXProject section */
		EEFE1B2020628C1500683488 /* Project object */ = {
			isa = PBXProject;
			attributes = {
				LastUpgradeCheck = 0920;
				ORGANIZATIONNAME = webank;
				TargetAttributes = {
					EEFE1B2720628C1500683488 = {
						CreatedOnToolsVersion = 9.2;
						ProvisioningStyle = Automatic;
					};
				};
			};
			buildConfigurationList = EEFE1B2320628C1500683488 /* Build configuration list for PBXProject "Runtime3" */;
			compatibilityVersion = "Xcode 8.0";
			developmentRegion = en;
			hasScannedForEncodings = 0;
			knownRegions = (
				en,
				Base,
			);
			mainGroup = EEFE1B1F20628C1500683488;
			productRefGroup = EEFE1B2920628C1500683488 /* Products */;
			projectDirPath = "";
			projectRoot = "";
			targets = (
				EEFE1B2720628C1500683488 /* Runtime3 */,
			);
		};
/* End PBXProject section */

/* Begin PBXResourcesBuildPhase section */
		EEFE1B2620628C1500683488 /* Resources */ = {
			isa = PBXResourcesBuildPhase;
			buildActionMask = 2147483647;
			files = (
				EEFE1B3820628C1500683488 /* LaunchScreen.storyboard in Resources */,
				EEFE1B3520628C1500683488 /* Assets.xcassets in Resources */,
				EEFE1B3320628C1500683488 /* Main.storyboard in Resources */,
			);
			runOnlyForDeploymentPostprocessing = 0;
		};
/* End PBXResourcesBuildPhase section */

/* Begin PBXSourcesBuildPhase section */
		EEFE1B2420628C1500683488 /* Sources */ = {
			isa = PBXSourcesBuildPhase;
			buildActionMask = 2147483647;
			files = (
				EEFE1B3020628C1500683488 /* ViewController.m in Sources */,
				EEFE1B3B20628C1500683488 /* main.m in Sources */,
				EEFE1B2D20628C1500683488 /* AppDelegate.m in Sources */,
			);
			runOnlyForDeploymentPostprocessing = 0;
		};
/* End PBXSourcesBuildPhase section */

/* Begin PBXVariantGroup section */
		EEFE1B3120628C1500683488 /* Main.storyboard */ = {
			isa = PBXVariantGroup;
			children = (
				EEFE1B3220628C1500683488 /* Base */,
			);
			name = Main.storyboard;
			sourceTree = "<group>";
		};
		EEFE1B3620628C1500683488 /* LaunchScreen.storyboard */ = {
			isa = PBXVariantGroup;
			children = (
				EEFE1B3720628C1500683488 /* Base */,
			);
			name = LaunchScreen.storyboard;
			sourceTree = "<group>";
		};
/* End PBXVariantGroup section */

/* Begin XCBuildConfiguration section */
		EEFE1B3C20628C1500683488 /* Debug */ = {
			isa = XCBuildConfiguration;
			buildSettings = {
				ALWAYS_SEARCH_USER_PATHS = NO;
				CLANG_ANALYZER_NONNULL = YES;
				CLANG_ANALYZER_NUMBER_OBJECT_CONVERSION = YES_AGGRESSIVE;
				CLANG_CXX_LANGUAGE_STANDARD = "gnu++14";
				CLANG_CXX_LIBRARY = "libc++";
				CLANG_ENABLE_MODULES = YES;
				CLANG_ENABLE_OBJC_ARC = YES;
				CLANG_WARN_BLOCK_CAPTURE_AUTORELEASING = YES;
				CLANG_WARN_BOOL_CONVERSION = YES;
				CLANG_WARN_COMMA = YES;
				CLANG_WARN_CONSTANT_CONVERSION = YES;
				CLANG_WARN_DIRECT_OBJC_ISA_USAGE = YES_ERROR;
				CLANG_WARN_DOCUMENTATION_COMMENTS = YES;
				CLANG_WARN_EMPTY_BODY = YES;
				CLANG_WARN_ENUM_CONVERSION = YES;
				CLANG_WARN_INFINITE_RECURSION = YES;
				CLANG_WARN_INT_CONVERSION = YES;
				CLANG_WARN_NON_LITERAL_NULL_CONVERSION = YES;
				CLANG_WARN_OBJC_LITERAL_CONVERSION = YES;
				CLANG_WARN_OBJC_ROOT_CLASS = YES_ERROR;
				CLANG_WARN_RANGE_LOOP_ANALYSIS = YES;
				CLANG_WARN_STRICT_PROTOTYPES = YES;
				CLANG_WARN_SUSPICIOUS_MOVE = YES;
				CLANG_WARN_UNGUARDED_AVAILABILITY = YES_AGGRESSIVE;
				CLANG_WARN_UNREACHABLE_CODE = YES;
				CLANG_WARN__DUPLICATE_METHOD_MATCH = YES;
				CODE_SIGN_IDENTITY = "iPhone Developer";
				COPY_PHASE_STRIP = NO;
				DEBUG_INFORMATION_FORMAT = dwarf;
				ENABLE_STRICT_OBJC_MSGSEND = YES;
				ENABLE_TESTABILITY = YES;
				GCC_C_LANGUAGE_STANDARD = gnu11;
				GCC_DYNAMIC_NO_PIC = NO;
				GCC_NO_COMMON_BLOCKS = YES;
				GCC_OPTIMIZATION_LEVEL = 0;
				GCC_PREPROCESSOR_DEFINITIONS = (
					"DEBUG=1",
					"$(inherited)",
				);
				GCC_WARN_64_TO_32_BIT_CONVERSION = YES;
				GCC_WARN_ABOUT_RETURN_TYPE = YES_ERROR;
				GCC_WARN_UNDECLARED_SELECTOR = YES;
				GCC_WARN_UNINITIALIZED_AUTOS = YES_AGGRESSIVE;
				GCC_WARN_UNUSED_FUNCTION = YES;
				GCC_WARN_UNUSED_VARIABLE = YES;
				IPHONEOS_DEPLOYMENT_TARGET = 11.2;
				MTL_ENABLE_DEBUG_INFO = YES;
				ONLY_ACTIVE_ARCH = YES;
				SDKROOT = iphoneos;
			};
			name = Debug;
		};
		EEFE1B3D20628C1500683488 /* Release */ = {
			isa = XCBuildConfiguration;
			buildSettings = {
				ALWAYS_SEARCH_USER_PATHS = NO;
				CLANG_ANALYZER_NONNULL = YES;
				CLANG_ANALYZER_NUMBER_OBJECT_CONVERSION = YES_AGGRESSIVE;
				CLANG_CXX_LANGUAGE_STANDARD = "gnu++14";
				CLANG_CXX_LIBRARY = "libc++";
				CLANG_ENABLE_MODULES = YES;
				CLANG_ENABLE_OBJC_ARC = YES;
				CLANG_WARN_BLOCK_CAPTURE_AUTORELEASING = YES;
				CLANG_WARN_BOOL_CONVERSION = YES;
				CLANG_WARN_COMMA = YES;
				CLANG_WARN_CONSTANT_CONVERSION = YES;
				CLANG_WARN_DIRECT_OBJC_ISA_USAGE = YES_ERROR;
				CLANG_WARN_DOCUMENTATION_COMMENTS = YES;
				CLANG_WARN_EMPTY_BODY = YES;
				CLANG_WARN_ENUM_CONVERSION = YES;
				CLANG_WARN_INFINITE_RECURSION = YES;
				CLANG_WARN_INT_CONVERSION = YES;
				CLANG_WARN_NON_LITERAL_NULL_CONVERSION = YES;
				CLANG_WARN_OBJC_LITERAL_CONVERSION = YES;
				CLANG_WARN_OBJC_ROOT_CLASS = YES_ERROR;
				CLANG_WARN_RANGE_LOOP_ANALYSIS = YES;
				CLANG_WARN_STRICT_PROTOTYPES = YES;
				CLANG_WARN_SUSPICIOUS_MOVE = YES;
				CLANG_WARN_UNGUARDED_AVAILABILITY = YES_AGGRESSIVE;
				CLANG_WARN_UNREACHABLE_CODE = YES;
				CLANG_WARN__DUPLICATE_METHOD_MATCH = YES;
				CODE_SIGN_IDENTITY = "iPhone Developer";
				COPY_PHASE_STRIP = NO;
				DEBUG_INFORMATION_FORMAT = "dwarf-with-dsym";
				ENABLE_NS_ASSERTIONS = NO;
				ENABLE_STRICT_OBJC_MSGSEND = YES;
				GCC_C_LANGUAGE_STANDARD = gnu11;
				GCC_NO_COMMON_BLOCKS = YES;
				GCC_WARN_64_TO_32_BIT_CONVERSION = YES;
				GCC_WARN_ABOUT_RETURN_TYPE = YES_ERROR;
				GCC_WARN_UNDECLARED_SELECTOR = YES;
				GCC_WARN_UNINITIALIZED_AUTOS = YES_AGGRESSIVE;
				GCC_WARN_UNUSED_FUNCTION = YES;
				GCC_WARN_UNUSED_VARIABLE = YES;
				IPHONEOS_DEPLOYMENT_TARGET = 11.2;
				MTL_ENABLE_DEBUG_INFO = NO;
				SDKROOT = iphoneos;
				VALIDATE_PRODUCT = YES;
			};
			name = Release;
		};
		EEFE1B3F20628C1500683488 /* Debug */ = {
			isa = XCBuildConfiguration;
			buildSettings = {
				ASSETCATALOG_COMPILER_APPICON_NAME = AppIcon;
				CODE_SIGN_STYLE = Automatic;
				INFOPLIST_FILE = Runtime3/Info.plist;
				LD_RUNPATH_SEARCH_PATHS = "$(inherited) @executable_path/Frameworks";
				PRODUCT_BUNDLE_IDENTIFIER = com.webank.Runtime3;
				PRODUCT_NAME = "$(TARGET_NAME)";
				TARGETED_DEVICE_FAMILY = "1,2";
			};
			name = Debug;
		};
		EEFE1B4020628C1500683488 /* Release */ = {
			isa = XCBuildConfiguration;
			buildSettings = {
				ASSETCATALOG_COMPILER_APPICON_NAME = AppIcon;
				CODE_SIGN_STYLE = Automatic;
				INFOPLIST_FILE = Runtime3/Info.plist;
				LD_RUNPATH_SEARCH_PATHS = "$(inherited) @executable_path/Frameworks";
				PRODUCT_BUNDLE_IDENTIFIER = com.webank.Runtime3;
				PRODUCT_NAME = "$(TARGET_NAME)";
				TARGETED_DEVICE_FAMILY = "1,2";
			};
			name = Release;
		};
/* End XCBuildConfiguration section */

/* Begin XCConfigurationList section */
		EEFE1B2320628C1500683488 /* Build configuration list for PBXProject "Runtime3" */ = {
			isa = XCConfigurationList;
			buildConfigurations = (
				EEFE1B3C20628C1500683488 /* Debug */,
				EEFE1B3D20628C1500683488 /* Release */,
			);
			defaultConfigurationIsVisible = 0;
			defaultConfigurationName = Release;
		};
		EEFE1B3E20628C1500683488 /* Build configuration list for PBXNativeTarget "Runtime3" */ = {
			isa = XCConfigurationList;
			buildConfigurations = (
				EEFE1B3F20628C1500683488 /* Debug */,
				EEFE1B4020628C1500683488 /* Release */,
			);
			defaultConfigurationIsVisible = 0;
			defaultConfigurationName = Release;
		};
/* End XCConfigurationList section */
	};
	rootObject = EEFE1B2020628C1500683488 /* Project object */;
}
